{
  "requires": true,
  "lockfileVersion": 1,
  "dependencies": {
    "@daypilot/daypilot-lite-javascript": {
      "version": "3.2.0",
      "resolved": "https://registry.npmjs.org/@daypilot/daypilot-lite-javascript/-/daypilot-lite-javascript-3.2.0.tgz",
      "integrity": "sha512-+3YkAYDKo/Yofy2W97OPyk/FyqgF1hIm7y5Z3Xh+0gyN7lqd8oM7fNS86hWHBlZUzbAkPyG5/4Tpl2fOq0uFAw=="
    }
  }
}
